<Solution>
  <Project Path="Elysium.Api/Elysium.Api.csproj" />
  <Project Path="Elysium.Application/Elysium.Application.csproj" />
  <Project Path="Elysium.Infrastructure/Elysium.Infrastructure.csproj" />
  <Project Path="Elysium.Shared/Elysium.Shared.csproj" />
  <Project Path="Elysium.WPF/Elysium.WPF.csproj" />
</Solution>
